
Microsoft Visual Studio Solution File, Format Version 12.00
# Visual Studio Version 16
VisualStudioVersion = 16.0.30621.155
MinimumVisualStudioVersion = 10.0.40219.1
Project("{FAE04EC0-301F-11D3-BF4B-00C04F79EFBC}") = "ArduinoPanel", "ArduinoPanel\ArduinoPanel.csproj", "{DB0076F0-B5BC-432E-818D-1E5A0C272021}"
EndProject
Global
	GlobalSection(SolutionConfigurationPlatforms) = preSolution
		Debug|Any CPU = Debug|Any CPU
		Release|Any CPU = Release|Any CPU
	EndGlobalSection
	GlobalSection(ProjectConfigurationPlatforms) = postSolution
		{DB0076F0-B5BC-432E-818D-1E5A0C272021}.Debug|Any CPU.ActiveCfg = Debug|Any CPU
		{DB0076F0-B5BC-432E-818D-1E5A0C272021}.Debug|Any CPU.Build.0 = Debug|Any CPU
		{DB0076F0-B5BC-432E-818D-1E5A0C272021}.Release|Any CPU.ActiveCfg = Release|Any CPU
		{DB0076F0-B5BC-432E-818D-1E5A0C272021}.Release|Any CPU.Build.0 = Release|Any CPU
	EndGlobalSection
	GlobalSection(SolutionProperties) = preSolution
		HideSolutionNode = FALSE
	EndGlobalSection
	GlobalSection(ExtensibilityGlobals) = postSolution
		SolutionGuid = {96641379-6F86-41E3-AC62-5A78021DBB9C}
	EndGlobalSection
EndGlobal
