
Microsoft Visual Studio Solution File, Format Version 12.00
# Visual Studio Version 16
VisualStudioVersion = 16.0.30621.155
MinimumVisualStudioVersion = 10.0.40219.1
Project("{9A19103F-16F7-4668-BE54-9A1E7A4F7556}") = "ArduinoServerConsole", "ArduinoServerConsole.csproj", "{99BD8509-A88A-43FD-9381-86D15EE86B24}"
EndProject
Global
	GlobalSection(SolutionConfigurationPlatforms) = preSolution
		Debug|Any CPU = Debug|Any CPU
		Release|Any CPU = Release|Any CPU
	EndGlobalSection
	GlobalSection(ProjectConfigurationPlatforms) = postSolution
		{99BD8509-A88A-43FD-9381-86D15EE86B24}.Debug|Any CPU.ActiveCfg = Debug|Any CPU
		{99BD8509-A88A-43FD-9381-86D15EE86B24}.Debug|Any CPU.Build.0 = Debug|Any CPU
		{99BD8509-A88A-43FD-9381-86D15EE86B24}.Release|Any CPU.ActiveCfg = Release|Any CPU
		{99BD8509-A88A-43FD-9381-86D15EE86B24}.Release|Any CPU.Build.0 = Release|Any CPU
	EndGlobalSection
	GlobalSection(SolutionProperties) = preSolution
		HideSolutionNode = FALSE
	EndGlobalSection
	GlobalSection(ExtensibilityGlobals) = postSolution
		SolutionGuid = {100F5455-B582-4F31-AAE1-A9383947E596}
	EndGlobalSection
EndGlobal
